
Microsoft Visual Studio Solution File, Format Version 12.00
# Visual Studio 2015
Project("{FAE04EC0-301F-11D3-BF4B-00C04F79EFBC}") = "ToLuaProject.CSharp", "ToLuaProject.CSharp.csproj", "{AFCB4A76-16EF-C65A-314C-53597DDA0DA8}"
EndProject
Project("{FAE04EC0-301F-11D3-BF4B-00C04F79EFBC}") = "ToLuaProject.CSharp.Editor", "ToLuaProject.CSharp.Editor.csproj", "{14F02CE7-6997-FB1A-3509-833BC0E77052}"
EndProject
Global
	GlobalSection(SolutionConfigurationPlatforms) = preSolution
		Debug|Any CPU = Debug|Any CPU
		Release|Any CPU = Release|Any CPU
	EndGlobalSection
	GlobalSection(ProjectConfigurationPlatforms) = postSolution
		{AFCB4A76-16EF-C65A-314C-53597DDA0DA8}.Debug|Any CPU.ActiveCfg = Debug|Any CPU
		{AFCB4A76-16EF-C65A-314C-53597DDA0DA8}.Debug|Any CPU.Build.0 = Debug|Any CPU
		{AFCB4A76-16EF-C65A-314C-53597DDA0DA8}.Release|Any CPU.ActiveCfg = Release|Any CPU
		{AFCB4A76-16EF-C65A-314C-53597DDA0DA8}.Release|Any CPU.Build.0 = Release|Any CPU
		{14F02CE7-6997-FB1A-3509-833BC0E77052}.Debug|Any CPU.ActiveCfg = Debug|Any CPU
		{14F02CE7-6997-FB1A-3509-833BC0E77052}.Debug|Any CPU.Build.0 = Debug|Any CPU
		{14F02CE7-6997-FB1A-3509-833BC0E77052}.Release|Any CPU.ActiveCfg = Release|Any CPU
		{14F02CE7-6997-FB1A-3509-833BC0E77052}.Release|Any CPU.Build.0 = Release|Any CPU
	EndGlobalSection
	GlobalSection(SolutionProperties) = preSolution
		HideSolutionNode = FALSE
	EndGlobalSection
EndGlobal
